
Microsoft Visual Studio Solution File, Format Version 12.00
# Visual Studio Version 17
VisualStudioVersion = 17.13.35919.96 d17.13
MinimumVisualStudioVersion = 10.0.40219.1
Project("{FAE04EC0-301F-11D3-BF4B-00C04F79EFBC}") = "VolleyBallTournament", "VolleyBallTournament\VolleyBallTournament.csproj", "{CEEAF8AC-14AC-461A-8FA4-9EA04A3DF86D}"
EndProject
Global
	GlobalSection(SolutionConfigurationPlatforms) = preSolution
		Debug|Any CPU = Debug|Any CPU
		Release|Any CPU = Release|Any CPU
	EndGlobalSection
	GlobalSection(ProjectConfigurationPlatforms) = postSolution
		{CEEAF8AC-14AC-461A-8FA4-9EA04A3DF86D}.Debug|Any CPU.ActiveCfg = Debug|Any CPU
		{CEEAF8AC-14AC-461A-8FA4-9EA04A3DF86D}.Debug|Any CPU.Build.0 = Debug|Any CPU
		{CEEAF8AC-14AC-461A-8FA4-9EA04A3DF86D}.Release|Any CPU.ActiveCfg = Release|Any CPU
		{CEEAF8AC-14AC-461A-8FA4-9EA04A3DF86D}.Release|Any CPU.Build.0 = Release|Any CPU
	EndGlobalSection
	GlobalSection(SolutionProperties) = preSolution
		HideSolutionNode = FALSE
	EndGlobalSection
	GlobalSection(ExtensibilityGlobals) = postSolution
		SolutionGuid = {8BC9C9DC-D9CA-42BA-B928-6E052C026870}
	EndGlobalSection
EndGlobal
